
Microsoft Visual Studio Solution File, Format Version 12.00
# Visual Studio Version 17
VisualStudioVersion = 17.2.32526.322
MinimumVisualStudioVersion = 10.0.40219.1
Project("{2150E333-8FDC-42A3-9474-1A3956D46DE8}") = "Lesson01", "Lesson01", "{B802F722-57A9-4241-85DD-D314CB142D92}"
EndProject
Project("{9A19103F-16F7-4668-BE54-9A1E7A4F7556}") = "01_MultyThreadApp", "Lesson01\01_MultyThreadApp\01_MultyThreadApp.csproj", "{33423889-2CF2-42EE-81F2-D204BE7A377E}"
EndProject
Project("{9A19103F-16F7-4668-BE54-9A1E7A4F7556}") = "01_WpfApp1", "Lesson01\01_WpfApp1\01_WpfApp1.csproj", "{00E5ABA2-1268-4D52-A174-4FDE1BB93E2A}"
EndProject
Global
	GlobalSection(SolutionConfigurationPlatforms) = preSolution
		Debug|Any CPU = Debug|Any CPU
		Release|Any CPU = Release|Any CPU
	EndGlobalSection
	GlobalSection(ProjectConfigurationPlatforms) = postSolution
		{33423889-2CF2-42EE-81F2-D204BE7A377E}.Debug|Any CPU.ActiveCfg = Debug|Any CPU
		{33423889-2CF2-42EE-81F2-D204BE7A377E}.Debug|Any CPU.Build.0 = Debug|Any CPU
		{33423889-2CF2-42EE-81F2-D204BE7A377E}.Release|Any CPU.ActiveCfg = Release|Any CPU
		{33423889-2CF2-42EE-81F2-D204BE7A377E}.Release|Any CPU.Build.0 = Release|Any CPU
		{00E5ABA2-1268-4D52-A174-4FDE1BB93E2A}.Debug|Any CPU.ActiveCfg = Debug|Any CPU
		{00E5ABA2-1268-4D52-A174-4FDE1BB93E2A}.Debug|Any CPU.Build.0 = Debug|Any CPU
		{00E5ABA2-1268-4D52-A174-4FDE1BB93E2A}.Release|Any CPU.ActiveCfg = Release|Any CPU
		{00E5ABA2-1268-4D52-A174-4FDE1BB93E2A}.Release|Any CPU.Build.0 = Release|Any CPU
	EndGlobalSection
	GlobalSection(SolutionProperties) = preSolution
		HideSolutionNode = FALSE
	EndGlobalSection
	GlobalSection(NestedProjects) = preSolution
		{33423889-2CF2-42EE-81F2-D204BE7A377E} = {B802F722-57A9-4241-85DD-D314CB142D92}
		{00E5ABA2-1268-4D52-A174-4FDE1BB93E2A} = {B802F722-57A9-4241-85DD-D314CB142D92}
	EndGlobalSection
	GlobalSection(ExtensibilityGlobals) = postSolution
		SolutionGuid = {1D02FA2A-E032-449D-A89A-963B3FF9F3C1}
	EndGlobalSection
EndGlobal
